// !$*UTF8*$!
{
	archiveVersion = 1;
	classes = {
	};
	objectVersion = 51;
	objects = {

/* Begin PBXBuildFile section */
		2ED1C525C1FF3097DA459030 /* Pods_capacitacion_2.framework in Frameworks */ = {isa = PBXBuildFile; fileRef = 40D6D06F3B87137E7E92B9D1 /* Pods_capacitacion_2.framework */; };
		691738AA27C15BF200DFDB7E /* UITextField+App.swift in Sources */ = {isa = PBXBuildFile; fileRef = 691738A927C15BF200DFDB7E /* UITextField+App.swift */; };
		691738AD27C1857700DFDB7E /* CardCell.swift in Sources */ = {isa = PBXBuildFile; fileRef = 691738AC27C1857700DFDB7E /* CardCell.swift */; };
		691738AF27C186FF00DFDB7E /* HorizontalCell.swift in Sources */ = {isa = PBXBuildFile; fileRef = 691738AE27C186FF00DFDB7E /* HorizontalCell.swift */; };
		691738B127C18E7400DFDB7E /* VerticalCell.swift in Sources */ = {isa = PBXBuildFile; fileRef = 691738B027C18E7400DFDB7E /* VerticalCell.swift */; };
		691CC02127AF0A1100D83EF9 /* MacStoreViewController.swift in Sources */ = {isa = PBXBuildFile; fileRef = 691CC01B27AF0A1100D83EF9 /* MacStoreViewController.swift */; };
		691CC02227AF0A1100D83EF9 /* CollectionView.storyboard in Resources */ = {isa = PBXBuildFile; fileRef = 691CC01C27AF0A1100D83EF9 /* CollectionView.storyboard */; };
		691CC02327AF0A1100D83EF9 /* MacStoreCell.swift in Sources */ = {isa = PBXBuildFile; fileRef = 691CC01E27AF0A1100D83EF9 /* MacStoreCell.swift */; };
		691CC02427AF0A1100D83EF9 /* CollectionViewCell.swift in Sources */ = {isa = PBXBuildFile; fileRef = 691CC01F27AF0A1100D83EF9 /* CollectionViewCell.swift */; };
		691CC02527AF0A1100D83EF9 /* CollectionViewController.swift in Sources */ = {isa = PBXBuildFile; fileRef = 691CC02027AF0A1100D83EF9 /* CollectionViewController.swift */; };
		692D2E4727AF0FBB0090246A /* ProductDetailViewController.swift in Sources */ = {isa = PBXBuildFile; fileRef = 692D2E4627AF0FBB0090246A /* ProductDetailViewController.swift */; };
		694B545A279C751C00CF5ABF /* ShoppingCart.storyboard in Resources */ = {isa = PBXBuildFile; fileRef = 694B5459279C751C00CF5ABF /* ShoppingCart.storyboard */; };
		694B545C279C753C00CF5ABF /* ShoppingCartViewController.swift in Sources */ = {isa = PBXBuildFile; fileRef = 694B545B279C753C00CF5ABF /* ShoppingCartViewController.swift */; };
		694B5460279C7BE200CF5ABF /* UIView+App.swift in Sources */ = {isa = PBXBuildFile; fileRef = 694B545F279C7BE200CF5ABF /* UIView+App.swift */; };
		694B5463279C8EAA00CF5ABF /* ShoppingCartCell.swift in Sources */ = {isa = PBXBuildFile; fileRef = 694B5462279C8EAA00CF5ABF /* ShoppingCartCell.swift */; };
		694B5465279C90BB00CF5ABF /* ShoppingCartModel.swift in Sources */ = {isa = PBXBuildFile; fileRef = 694B5464279C90BB00CF5ABF /* ShoppingCartModel.swift */; };
		694B5467279C962F00CF5ABF /* UITableViewCell+App.swift in Sources */ = {isa = PBXBuildFile; fileRef = 694B5466279C962F00CF5ABF /* UITableViewCell+App.swift */; };
		697A04E327C1481E00DCE8E1 /* Login.storyboard in Resources */ = {isa = PBXBuildFile; fileRef = 697A04E227C1481E00DCE8E1 /* Login.storyboard */; };
		697A04E527C1482C00DCE8E1 /* LoginViewController.swift in Sources */ = {isa = PBXBuildFile; fileRef = 697A04E427C1482C00DCE8E1 /* LoginViewController.swift */; };
		697A04EA27C14C7500DCE8E1 /* String+App.swift in Sources */ = {isa = PBXBuildFile; fileRef = 697A04E927C14C7500DCE8E1 /* String+App.swift */; };
		697A04EE27C14D0B00DCE8E1 /* AlertManager.swift in Sources */ = {isa = PBXBuildFile; fileRef = 697A04ED27C14D0B00DCE8E1 /* AlertManager.swift */; };
		69944DA927DCF4A700F709D5 /* CellIdentifiable.swift in Sources */ = {isa = PBXBuildFile; fileRef = 69944DA627DCF4A700F709D5 /* CellIdentifiable.swift */; };
		69944DAA27DCF4A700F709D5 /* StoryboardInitializable.swift in Sources */ = {isa = PBXBuildFile; fileRef = 69944DA727DCF4A700F709D5 /* StoryboardInitializable.swift */; };
		69944DAB27DCF4A700F709D5 /* CellViewModel.swift in Sources */ = {isa = PBXBuildFile; fileRef = 69944DA827DCF4A700F709D5 /* CellViewModel.swift */; };
		69944DB027DCF54300F709D5 /* Response.swift in Sources */ = {isa = PBXBuildFile; fileRef = 69944DAE27DCF54300F709D5 /* Response.swift */; };
		69944DB127DCF54300F709D5 /* NetWorkingManager.swift in Sources */ = {isa = PBXBuildFile; fileRef = 69944DAF27DCF54300F709D5 /* NetWorkingManager.swift */; };
		69944DB327DCF57300F709D5 /* ManagerProvider.swift in Sources */ = {isa = PBXBuildFile; fileRef = 69944DB227DCF57300F709D5 /* ManagerProvider.swift */; };
		69944DB527DCF6F200F709D5 /* Encodable+App.swift in Sources */ = {isa = PBXBuildFile; fileRef = 69944DB427DCF6F200F709D5 /* Encodable+App.swift */; };
		69944DB827DCF72300F709D5 /* LoginManager.swift in Sources */ = {isa = PBXBuildFile; fileRef = 69944DB727DCF72300F709D5 /* LoginManager.swift */; };
		69944DBC27DD073400F709D5 /* Login.swift in Sources */ = {isa = PBXBuildFile; fileRef = 69944DBB27DD073400F709D5 /* Login.swift */; };
		69A6918627AF08A10042E4DB /* ProductModel.swift in Sources */ = {isa = PBXBuildFile; fileRef = 69A6918527AF08A10042E4DB /* ProductModel.swift */; };
		69BB7FBD279331A10078A52D /* AppDelegate.swift in Sources */ = {isa = PBXBuildFile; fileRef = 69BB7FBC279331A10078A52D /* AppDelegate.swift */; };
		69BB7FBF279331A10078A52D /* SceneDelegate.swift in Sources */ = {isa = PBXBuildFile; fileRef = 69BB7FBE279331A10078A52D /* SceneDelegate.swift */; };
		69BB7FC1279331A10078A52D /* HomeViewController.swift in Sources */ = {isa = PBXBuildFile; fileRef = 69BB7FC0279331A10078A52D /* HomeViewController.swift */; };
		69BB7FC6279331A20078A52D /* Assets.xcassets in Resources */ = {isa = PBXBuildFile; fileRef = 69BB7FC5279331A20078A52D /* Assets.xcassets */; };
		69BB7FC9279331A20078A52D /* LaunchScreen.storyboard in Resources */ = {isa = PBXBuildFile; fileRef = 69BB7FC7279331A20078A52D /* LaunchScreen.storyboard */; };
		69BB7FD12793325D0078A52D /* TabBarController.swift in Sources */ = {isa = PBXBuildFile; fileRef = 69BB7FD02793325D0078A52D /* TabBarController.swift */; };
		69BB7FD3279332AF0078A52D /* Home.storyboard in Resources */ = {isa = PBXBuildFile; fileRef = 69BB7FD2279332AF0078A52D /* Home.storyboard */; };
		69BB7FD727933D4B0078A52D /* UIViewController+App.swift in Sources */ = {isa = PBXBuildFile; fileRef = 69BB7FD627933D4B0078A52D /* UIViewController+App.swift */; };
/* End PBXBuildFile section */

/* Begin PBXFileReference section */
		281CEF9C6EA7350E8D0AFF02 /* Pods-capacitacion_2.release.xcconfig */ = {isa = PBXFileReference; includeInIndex = 1; lastKnownFileType = text.xcconfig; name = "Pods-capacitacion_2.release.xcconfig"; path = "Target Support Files/Pods-capacitacion_2/Pods-capacitacion_2.release.xcconfig"; sourceTree = "<group>"; };
		40D6D06F3B87137E7E92B9D1 /* Pods_capacitacion_2.framework */ = {isa = PBXFileReference; explicitFileType = wrapper.framework; includeInIndex = 0; path = Pods_capacitacion_2.framework; sourceTree = BUILT_PRODUCTS_DIR; };
		691738A927C15BF200DFDB7E /* UITextField+App.swift */ = {isa = PBXFileReference; lastKnownFileType = sourcecode.swift; path = "UITextField+App.swift"; sourceTree = "<group>"; };
		691738AC27C1857700DFDB7E /* CardCell.swift */ = {isa = PBXFileReference; lastKnownFileType = sourcecode.swift; path = CardCell.swift; sourceTree = "<group>"; };
		691738AE27C186FF00DFDB7E /* HorizontalCell.swift */ = {isa = PBXFileReference; lastKnownFileType = sourcecode.swift; path = HorizontalCell.swift; sourceTree = "<group>"; };
		691738B027C18E7400DFDB7E /* VerticalCell.swift */ = {isa = PBXFileReference; lastKnownFileType = sourcecode.swift; path = VerticalCell.swift; sourceTree = "<group>"; };
		691CC01B27AF0A1100D83EF9 /* MacStoreViewController.swift */ = {isa = PBXFileReference; fileEncoding = 4; lastKnownFileType = sourcecode.swift; path = MacStoreViewController.swift; sourceTree = "<group>"; };
		691CC01C27AF0A1100D83EF9 /* CollectionView.storyboard */ = {isa = PBXFileReference; fileEncoding = 4; lastKnownFileType = file.storyboard; path = CollectionView.storyboard; sourceTree = "<group>"; };
		691CC01E27AF0A1100D83EF9 /* MacStoreCell.swift */ = {isa = PBXFileReference; fileEncoding = 4; lastKnownFileType = sourcecode.swift; path = MacStoreCell.swift; sourceTree = "<group>"; };
		691CC01F27AF0A1100D83EF9 /* CollectionViewCell.swift */ = {isa = PBXFileReference; fileEncoding = 4; lastKnownFileType = sourcecode.swift; path = CollectionViewCell.swift; sourceTree = "<group>"; };
		691CC02027AF0A1100D83EF9 /* CollectionViewController.swift */ = {isa = PBXFileReference; fileEncoding = 4; lastKnownFileType = sourcecode.swift; path = CollectionViewController.swift; sourceTree = "<group>"; };
		692D2E4627AF0FBB0090246A /* ProductDetailViewController.swift */ = {isa = PBXFileReference; lastKnownFileType = sourcecode.swift; path = ProductDetailViewController.swift; sourceTree = "<group>"; };
		694B5459279C751C00CF5ABF /* ShoppingCart.storyboard */ = {isa = PBXFileReference; lastKnownFileType = file.storyboard; path = ShoppingCart.storyboard; sourceTree = "<group>"; };
		694B545B279C753C00CF5ABF /* ShoppingCartViewController.swift */ = {isa = PBXFileReference; lastKnownFileType = sourcecode.swift; path = ShoppingCartViewController.swift; sourceTree = "<group>"; };
		694B545F279C7BE200CF5ABF /* UIView+App.swift */ = {isa = PBXFileReference; lastKnownFileType = sourcecode.swift; path = "UIView+App.swift"; sourceTree = "<group>"; };
		694B5462279C8EAA00CF5ABF /* ShoppingCartCell.swift */ = {isa = PBXFileReference; lastKnownFileType = sourcecode.swift; path = ShoppingCartCell.swift; sourceTree = "<group>"; };
		694B5464279C90BB00CF5ABF /* ShoppingCartModel.swift */ = {isa = PBXFileReference; lastKnownFileType = sourcecode.swift; path = ShoppingCartModel.swift; sourceTree = "<group>"; };
		694B5466279C962F00CF5ABF /* UITableViewCell+App.swift */ = {isa = PBXFileReference; lastKnownFileType = sourcecode.swift; path = "UITableViewCell+App.swift"; sourceTree = "<group>"; };
		697A04E227C1481E00DCE8E1 /* Login.storyboard */ = {isa = PBXFileReference; lastKnownFileType = file.storyboard; path = Login.storyboard; sourceTree = "<group>"; };
		697A04E427C1482C00DCE8E1 /* LoginViewController.swift */ = {isa = PBXFileReference; lastKnownFileType = sourcecode.swift; path = LoginViewController.swift; sourceTree = "<group>"; };
		697A04E927C14C7500DCE8E1 /* String+App.swift */ = {isa = PBXFileReference; lastKnownFileType = sourcecode.swift; path = "String+App.swift"; sourceTree = "<group>"; };
		697A04ED27C14D0B00DCE8E1 /* AlertManager.swift */ = {isa = PBXFileReference; lastKnownFileType = sourcecode.swift; path = AlertManager.swift; sourceTree = "<group>"; };
		69944DA627DCF4A700F709D5 /* CellIdentifiable.swift */ = {isa = PBXFileReference; fileEncoding = 4; lastKnownFileType = sourcecode.swift; path = CellIdentifiable.swift; sourceTree = "<group>"; };
		69944DA727DCF4A700F709D5 /* StoryboardInitializable.swift */ = {isa = PBXFileReference; fileEncoding = 4; lastKnownFileType = sourcecode.swift; path = StoryboardInitializable.swift; sourceTree = "<group>"; };
		69944DA827DCF4A700F709D5 /* CellViewModel.swift */ = {isa = PBXFileReference; fileEncoding = 4; lastKnownFileType = sourcecode.swift; path = CellViewModel.swift; sourceTree = "<group>"; };
		69944DAE27DCF54300F709D5 /* Response.swift */ = {isa = PBXFileReference; fileEncoding = 4; lastKnownFileType = sourcecode.swift; path = Response.swift; sourceTree = "<group>"; };
		69944DAF27DCF54300F709D5 /* NetWorkingManager.swift */ = {isa = PBXFileReference; fileEncoding = 4; lastKnownFileType = sourcecode.swift; path = NetWorkingManager.swift; sourceTree = "<group>"; };
		69944DB227DCF57300F709D5 /* ManagerProvider.swift */ = {isa = PBXFileReference; lastKnownFileType = sourcecode.swift; path = ManagerProvider.swift; sourceTree = "<group>"; };
		69944DB427DCF6F200F709D5 /* Encodable+App.swift */ = {isa = PBXFileReference; lastKnownFileType = sourcecode.swift; path = "Encodable+App.swift"; sourceTree = "<group>"; };
		69944DB727DCF72300F709D5 /* LoginManager.swift */ = {isa = PBXFileReference; lastKnownFileType = sourcecode.swift; path = LoginManager.swift; sourceTree = "<group>"; };
		69944DBB27DD073400F709D5 /* Login.swift */ = {isa = PBXFileReference; lastKnownFileType = sourcecode.swift; path = Login.swift; sourceTree = "<group>"; };
		69A6918527AF08A10042E4DB /* ProductModel.swift */ = {isa = PBXFileReference; lastKnownFileType = sourcecode.swift; path = ProductModel.swift; sourceTree = "<group>"; };
		69BB7FB9279331A10078A52D /* capacitacion_2.app */ = {isa = PBXFileReference; explicitFileType = wrapper.application; includeInIndex = 0; path = capacitacion_2.app; sourceTree = BUILT_PRODUCTS_DIR; };
		69BB7FBC279331A10078A52D /* AppDelegate.swift */ = {isa = PBXFileReference; lastKnownFileType = sourcecode.swift; path = AppDelegate.swift; sourceTree = "<group>"; };
		69BB7FBE279331A10078A52D /* SceneDelegate.swift */ = {isa = PBXFileReference; lastKnownFileType = sourcecode.swift; path = SceneDelegate.swift; sourceTree = "<group>"; };
		69BB7FC0279331A10078A52D /* HomeViewController.swift */ = {isa = PBXFileReference; lastKnownFileType = sourcecode.swift; path = HomeViewController.swift; sourceTree = "<group>"; };
		69BB7FC5279331A20078A52D /* Assets.xcassets */ = {isa = PBXFileReference; lastKnownFileType = folder.assetcatalog; path = Assets.xcassets; sourceTree = "<group>"; };
		69BB7FC8279331A20078A52D /* Base */ = {isa = PBXFileReference; lastKnownFileType = file.storyboard; name = Base; path = Base.lproj/LaunchScreen.storyboard; sourceTree = "<group>"; };
		69BB7FCA279331A20078A52D /* Info.plist */ = {isa = PBXFileReference; lastKnownFileType = text.plist.xml; path = Info.plist; sourceTree = "<group>"; };
		69BB7FD02793325D0078A52D /* TabBarController.swift */ = {isa = PBXFileReference; lastKnownFileType = sourcecode.swift; path = TabBarController.swift; sourceTree = "<group>"; };
		69BB7FD2279332AF0078A52D /* Home.storyboard */ = {isa = PBXFileReference; lastKnownFileType = file.storyboard; path = Home.storyboard; sourceTree = "<group>"; };
		69BB7FD627933D4B0078A52D /* UIViewController+App.swift */ = {isa = PBXFileReference; lastKnownFileType = sourcecode.swift; path = "UIViewController+App.swift"; sourceTree = "<group>"; };
		8094FEB37DDEA61859B32712 /* Pods-capacitacion_2.debug.xcconfig */ = {isa = PBXFileReference; includeInIndex = 1; lastKnownFileType = text.xcconfig; name = "Pods-capacitacion_2.debug.xcconfig"; path = "Target Support Files/Pods-capacitacion_2/Pods-capacitacion_2.debug.xcconfig"; sourceTree = "<group>"; };
/* End PBXFileReference section */

/* Begin PBXFrameworksBuildPhase section */
		69BB7FB6279331A10078A52D /* Frameworks */ = {
			isa = PBXFrameworksBuildPhase;
			buildActionMask = 2147483647;
			files = (
				2ED1C525C1FF3097DA459030 /* Pods_capacitacion_2.framework in Frameworks */,
			);
			runOnlyForDeploymentPostprocessing = 0;
		};
/* End PBXFrameworksBuildPhase section */

/* Begin PBXGroup section */
		691738AB27C1853D00DFDB7E /* Cell */ = {
			isa = PBXGroup;
			children = (
				691738AC27C1857700DFDB7E /* CardCell.swift */,
				691738AE27C186FF00DFDB7E /* HorizontalCell.swift */,
				691738B027C18E7400DFDB7E /* VerticalCell.swift */,
			);
			path = Cell;
			sourceTree = "<group>";
		};
		691CC01A27AF0A1100D83EF9 /* ViewController */ = {
			isa = PBXGroup;
			children = (
				692D2E4627AF0FBB0090246A /* ProductDetailViewController.swift */,
				691CC01B27AF0A1100D83EF9 /* MacStoreViewController.swift */,
				691CC01C27AF0A1100D83EF9 /* CollectionView.storyboard */,
				691CC01D27AF0A1100D83EF9 /* Cell */,
				691CC02027AF0A1100D83EF9 /* CollectionViewController.swift */,
			);
			path = ViewController;
			sourceTree = "<group>";
		};
		691CC01D27AF0A1100D83EF9 /* Cell */ = {
			isa = PBXGroup;
			children = (
				691CC01E27AF0A1100D83EF9 /* MacStoreCell.swift */,
				691CC01F27AF0A1100D83EF9 /* CollectionViewCell.swift */,
			);
			path = Cell;
			sourceTree = "<group>";
		};
		694B5458279C74EC00CF5ABF /* ShoppingCart */ = {
			isa = PBXGroup;
			children = (
				694B5461279C8E9500CF5ABF /* Cell */,
				694B5459279C751C00CF5ABF /* ShoppingCart.storyboard */,
				694B545B279C753C00CF5ABF /* ShoppingCartViewController.swift */,
				694B5464279C90BB00CF5ABF /* ShoppingCartModel.swift */,
			);
			path = ShoppingCart;
			sourceTree = "<group>";
		};
		694B5461279C8E9500CF5ABF /* Cell */ = {
			isa = PBXGroup;
			children = (
				694B5462279C8EAA00CF5ABF /* ShoppingCartCell.swift */,
			);
			path = Cell;
			sourceTree = "<group>";
		};
		694B5469279C9D0200CF5ABF /* CollectionView */ = {
			isa = PBXGroup;
			children = (
				691CC01A27AF0A1100D83EF9 /* ViewController */,
				69A6918327AF087B0042E4DB /* Model */,
			);
			path = CollectionView;
			sourceTree = "<group>";
		};
		697A04E127C1481000DCE8E1 /* Login */ = {
			isa = PBXGroup;
			children = (
				69944DB927DD071D00F709D5 /* Model */,
				69944DBA27DD072300F709D5 /* View */,
			);
			path = Login;
			sourceTree = "<group>";
		};
		697A04E627C149FE00DCE8E1 /* Home */ = {
			isa = PBXGroup;
			children = (
				691738AB27C1853D00DFDB7E /* Cell */,
				69BB7FC0279331A10078A52D /* HomeViewController.swift */,
				69BB7FD2279332AF0078A52D /* Home.storyboard */,
			);
			path = Home;
			sourceTree = "<group>";
		};
		697A04EB27C14CF400DCE8E1 /* AlertManager */ = {
			isa = PBXGroup;
			children = (
				697A04ED27C14D0B00DCE8E1 /* AlertManager.swift */,
			);
			path = AlertManager;
			sourceTree = "<group>";
		};
		697A04EC27C14CFA00DCE8E1 /* Common */ = {
			isa = PBXGroup;
			children = (
				69944DAC27DCF4BD00F709D5 /* Manager */,
				69944DA527DCF48000F709D5 /* Protocols */,
				69BB7FD827933D500078A52D /* Extension */,
			);
			path = Common;
			sourceTree = "<group>";
		};
		69944DA527DCF48000F709D5 /* Protocols */ = {
			isa = PBXGroup;
			children = (
				69944DA627DCF4A700F709D5 /* CellIdentifiable.swift */,
				69944DA827DCF4A700F709D5 /* CellViewModel.swift */,
				69944DA727DCF4A700F709D5 /* StoryboardInitializable.swift */,
			);
			path = Protocols;
			sourceTree = "<group>";
		};
		69944DAC27DCF4BD00F709D5 /* Manager */ = {
			isa = PBXGroup;
			children = (
				69944DAD27DCF52100F709D5 /* NetWorkingManager */,
				697A04EB27C14CF400DCE8E1 /* AlertManager */,
				69944DB227DCF57300F709D5 /* ManagerProvider.swift */,
			);
			path = Manager;
			sourceTree = "<group>";
		};
		69944DAD27DCF52100F709D5 /* NetWorkingManager */ = {
			isa = PBXGroup;
			children = (
				69944DAF27DCF54300F709D5 /* NetWorkingManager.swift */,
				69944DAE27DCF54300F709D5 /* Response.swift */,
			);
			path = NetWorkingManager;
			sourceTree = "<group>";
		};
		69944DB627DCF71700F709D5 /* NetWorking */ = {
			isa = PBXGroup;
			children = (
				69944DB727DCF72300F709D5 /* LoginManager.swift */,
			);
			path = NetWorking;
			sourceTree = "<group>";
		};
		69944DB927DD071D00F709D5 /* Model */ = {
			isa = PBXGroup;
			children = (
				69944DBB27DD073400F709D5 /* Login.swift */,
			);
			path = Model;
			sourceTree = "<group>";
		};
		69944DBA27DD072300F709D5 /* View */ = {
			isa = PBXGroup;
			children = (
				697A04E427C1482C00DCE8E1 /* LoginViewController.swift */,
				697A04E227C1481E00DCE8E1 /* Login.storyboard */,
			);
			path = View;
			sourceTree = "<group>";
		};
		69A6918327AF087B0042E4DB /* Model */ = {
			isa = PBXGroup;
			children = (
				69A6918527AF08A10042E4DB /* ProductModel.swift */,
			);
			path = Model;
			sourceTree = "<group>";
		};
		69BB7FB0279331A10078A52D = {
			isa = PBXGroup;
			children = (
				69BB7FBB279331A10078A52D /* capacitacion_2 */,
				69BB7FBA279331A10078A52D /* Products */,
				FB9AF5C43897B95F703B4E55 /* Pods */,
				AB08D0CCC24CFB7E54ED9785 /* Frameworks */,
			);
			sourceTree = "<group>";
		};
		69BB7FBA279331A10078A52D /* Products */ = {
			isa = PBXGroup;
			children = (
				69BB7FB9279331A10078A52D /* capacitacion_2.app */,
			);
			name = Products;
			sourceTree = "<group>";
		};
		69BB7FBB279331A10078A52D /* capacitacion_2 */ = {
			isa = PBXGroup;
			children = (
				69944DB627DCF71700F709D5 /* NetWorking */,
				697A04EC27C14CFA00DCE8E1 /* Common */,
				697A04E627C149FE00DCE8E1 /* Home */,
				697A04E127C1481000DCE8E1 /* Login */,
				694B5469279C9D0200CF5ABF /* CollectionView */,
				694B5458279C74EC00CF5ABF /* ShoppingCart */,
				69BB7FBC279331A10078A52D /* AppDelegate.swift */,
				69BB7FBE279331A10078A52D /* SceneDelegate.swift */,
				69BB7FC5279331A20078A52D /* Assets.xcassets */,
				69BB7FC7279331A20078A52D /* LaunchScreen.storyboard */,
				69BB7FCA279331A20078A52D /* Info.plist */,
				69BB7FD02793325D0078A52D /* TabBarController.swift */,
			);
			path = capacitacion_2;
			sourceTree = "<group>";
		};
		69BB7FD827933D500078A52D /* Extension */ = {
			isa = PBXGroup;
			children = (
				69BB7FD627933D4B0078A52D /* UIViewController+App.swift */,
				694B545F279C7BE200CF5ABF /* UIView+App.swift */,
				694B5466279C962F00CF5ABF /* UITableViewCell+App.swift */,
				697A04E927C14C7500DCE8E1 /* String+App.swift */,
				691738A927C15BF200DFDB7E /* UITextField+App.swift */,
				69944DB427DCF6F200F709D5 /* Encodable+App.swift */,
			);
			path = Extension;
			sourceTree = "<group>";
		};
		AB08D0CCC24CFB7E54ED9785 /* Frameworks */ = {
			isa = PBXGroup;
			children = (
				40D6D06F3B87137E7E92B9D1 /* Pods_capacitacion_2.framework */,
			);
			name = Frameworks;
			sourceTree = "<group>";
		};
		FB9AF5C43897B95F703B4E55 /* Pods */ = {
			isa = PBXGroup;
			children = (
				8094FEB37DDEA61859B32712 /* Pods-capacitacion_2.debug.xcconfig */,
				281CEF9C6EA7350E8D0AFF02 /* Pods-capacitacion_2.release.xcconfig */,
			);
			path = Pods;
			sourceTree = "<group>";
		};
/* End PBXGroup section */

/* Begin PBXNativeTarget section */
		69BB7FB8279331A10078A52D /* capacitacion_2 */ = {
			isa = PBXNativeTarget;
			buildConfigurationList = 69BB7FCD279331A20078A52D /* Build configuration list for PBXNativeTarget "capacitacion_2" */;
			buildPhases = (
				800C3C6600897E739600C280 /* [CP] Check Pods Manifest.lock */,
				69BB7FB5279331A10078A52D /* Sources */,
				69BB7FB6279331A10078A52D /* Frameworks */,
				69BB7FB7279331A10078A52D /* Resources */,
				64A10413F792DF2DE2883E39 /* [CP] Embed Pods Frameworks */,
			);
			buildRules = (
			);
			dependencies = (
			);
			name = capacitacion_2;
			productName = capacitacion_2;
			productReference = 69BB7FB9279331A10078A52D /* capacitacion_2.app */;
			productType = "com.apple.product-type.application";
		};
/* End PBXNativeTarget section */

/* Begin PBXProject section */
		69BB7FB1279331A10078A52D /* Project object */ = {
			isa = PBXProject;
			attributes = {
				LastSwiftUpdateCheck = 1250;
				LastUpgradeCheck = 1250;
				TargetAttributes = {
					69BB7FB8279331A10078A52D = {
						CreatedOnToolsVersion = 12.5.1;
					};
				};
			};
			buildConfigurationList = 69BB7FB4279331A10078A52D /* Build configuration list for PBXProject "capacitacion_2" */;
			compatibilityVersion = "Xcode 9.3";
			developmentRegion = en;
			hasScannedForEncodings = 0;
			knownRegions = (
				en,
				Base,
			);
			mainGroup = 69BB7FB0279331A10078A52D;
			productRefGroup = 69BB7FBA279331A10078A52D /* Products */;
			projectDirPath = "";
			projectRoot = "";
			targets = (
				69BB7FB8279331A10078A52D /* capacitacion_2 */,
			);
		};
/* End PBXProject section */

/* Begin PBXResourcesBuildPhase section */
		69BB7FB7279331A10078A52D /* Resources */ = {
			isa = PBXResourcesBuildPhase;
			buildActionMask = 2147483647;
			files = (
				694B545A279C751C00CF5ABF /* ShoppingCart.storyboard in Resources */,
				69BB7FD3279332AF0078A52D /* Home.storyboard in Resources */,
				697A04E327C1481E00DCE8E1 /* Login.storyboard in Resources */,
				69BB7FC9279331A20078A52D /* LaunchScreen.storyboard in Resources */,
				691CC02227AF0A1100D83EF9 /* CollectionView.storyboard in Resources */,
				69BB7FC6279331A20078A52D /* Assets.xcassets in Resources */,
			);
			runOnlyForDeploymentPostprocessing = 0;
		};
/* End PBXResourcesBuildPhase section */

/* Begin PBXShellScriptBuildPhase section */
		64A10413F792DF2DE2883E39 /* [CP] Embed Pods Frameworks */ = {
			isa = PBXShellScriptBuildPhase;
			buildActionMask = 2147483647;
			files = (
			);
			inputFileListPaths = (
				"${PODS_ROOT}/Target Support Files/Pods-capacitacion_2/Pods-capacitacion_2-frameworks-${CONFIGURATION}-input-files.xcfilelist",
			);
			name = "[CP] Embed Pods Frameworks";
			outputFileListPaths = (
				"${PODS_ROOT}/Target Support Files/Pods-capacitacion_2/Pods-capacitacion_2-frameworks-${CONFIGURATION}-output-files.xcfilelist",
			);
			runOnlyForDeploymentPostprocessing = 0;
			shellPath = /bin/sh;
			shellScript = "\"${PODS_ROOT}/Target Support Files/Pods-capacitacion_2/Pods-capacitacion_2-frameworks.sh\"\n";
			showEnvVarsInLog = 0;
		};
		800C3C6600897E739600C280 /* [CP] Check Pods Manifest.lock */ = {
			isa = PBXShellScriptBuildPhase;
			buildActionMask = 2147483647;
			files = (
			);
			inputFileListPaths = (
			);
			inputPaths = (
				"${PODS_PODFILE_DIR_PATH}/Podfile.lock",
				"${PODS_ROOT}/Manifest.lock",
			);
			name = "[CP] Check Pods Manifest.lock";
			outputFileListPaths = (
			);
			outputPaths = (
				"$(DERIVED_FILE_DIR)/Pods-capacitacion_2-checkManifestLockResult.txt",
			);
			runOnlyForDeploymentPostprocessing = 0;
			shellPath = /bin/sh;
			shellScript = "diff \"${PODS_PODFILE_DIR_PATH}/Podfile.lock\" \"${PODS_ROOT}/Manifest.lock\" > /dev/null\nif [ $? != 0 ] ; then\n    # print error to STDERR\n    echo \"error: The sandbox is not in sync with the Podfile.lock. Run 'pod install' or update your CocoaPods installation.\" >&2\n    exit 1\nfi\n# This output is used by Xcode 'outputs' to avoid re-running this script phase.\necho \"SUCCESS\" > \"${SCRIPT_OUTPUT_FILE_0}\"\n";
			showEnvVarsInLog = 0;
		};
/* End PBXShellScriptBuildPhase section */

/* Begin PBXSourcesBuildPhase section */
		69BB7FB5279331A10078A52D /* Sources */ = {
			isa = PBXSourcesBuildPhase;
			buildActionMask = 2147483647;
			files = (
				694B5460279C7BE200CF5ABF /* UIView+App.swift in Sources */,
				69944DAA27DCF4A700F709D5 /* StoryboardInitializable.swift in Sources */,
				69944DA927DCF4A700F709D5 /* CellIdentifiable.swift in Sources */,
				694B5463279C8EAA00CF5ABF /* ShoppingCartCell.swift in Sources */,
				692D2E4727AF0FBB0090246A /* ProductDetailViewController.swift in Sources */,
				691738AF27C186FF00DFDB7E /* HorizontalCell.swift in Sources */,
				69BB7FC1279331A10078A52D /* HomeViewController.swift in Sources */,
				691CC02427AF0A1100D83EF9 /* CollectionViewCell.swift in Sources */,
				691738B127C18E7400DFDB7E /* VerticalCell.swift in Sources */,
				69944DB127DCF54300F709D5 /* NetWorkingManager.swift in Sources */,
				694B545C279C753C00CF5ABF /* ShoppingCartViewController.swift in Sources */,
				69BB7FD12793325D0078A52D /* TabBarController.swift in Sources */,
				697A04EA27C14C7500DCE8E1 /* String+App.swift in Sources */,
				694B5465279C90BB00CF5ABF /* ShoppingCartModel.swift in Sources */,
				69944DB027DCF54300F709D5 /* Response.swift in Sources */,
				691CC02527AF0A1100D83EF9 /* CollectionViewController.swift in Sources */,
				691CC02327AF0A1100D83EF9 /* MacStoreCell.swift in Sources */,
				691CC02127AF0A1100D83EF9 /* MacStoreViewController.swift in Sources */,
				697A04EE27C14D0B00DCE8E1 /* AlertManager.swift in Sources */,
				69BB7FD727933D4B0078A52D /* UIViewController+App.swift in Sources */,
				69944DB327DCF57300F709D5 /* ManagerProvider.swift in Sources */,
				69944DBC27DD073400F709D5 /* Login.swift in Sources */,
				691738AD27C1857700DFDB7E /* CardCell.swift in Sources */,
				69BB7FBD279331A10078A52D /* AppDelegate.swift in Sources */,
				697A04E527C1482C00DCE8E1 /* LoginViewController.swift in Sources */,
				69944DB827DCF72300F709D5 /* LoginManager.swift in Sources */,
				694B5467279C962F00CF5ABF /* UITableViewCell+App.swift in Sources */,
				69944DB527DCF6F200F709D5 /* Encodable+App.swift in Sources */,
				69BB7FBF279331A10078A52D /* SceneDelegate.swift in Sources */,
				69A6918627AF08A10042E4DB /* ProductModel.swift in Sources */,
				69944DAB27DCF4A700F709D5 /* CellViewModel.swift in Sources */,
				691738AA27C15BF200DFDB7E /* UITextField+App.swift in Sources */,
			);
			runOnlyForDeploymentPostprocessing = 0;
		};
/* End PBXSourcesBuildPhase section */

/* Begin PBXVariantGroup section */
		69BB7FC7279331A20078A52D /* LaunchScreen.storyboard */ = {
			isa = PBXVariantGroup;
			children = (
				69BB7FC8279331A20078A52D /* Base */,
			);
			name = LaunchScreen.storyboard;
			sourceTree = "<group>";
		};
/* End PBXVariantGroup section */

/* Begin XCBuildConfiguration section */
		69BB7FCB279331A20078A52D /* Debug */ = {
			isa = XCBuildConfiguration;
			buildSettings = {
				ALWAYS_SEARCH_USER_PATHS = NO;
				CLANG_ANALYZER_NONNULL = YES;
				CLANG_ANALYZER_NUMBER_OBJECT_CONVERSION = YES_AGGRESSIVE;
				CLANG_CXX_LANGUAGE_STANDARD = "gnu++14";
				CLANG_CXX_LIBRARY = "libc++";
				CLANG_ENABLE_MODULES = YES;
				CLANG_ENABLE_OBJC_ARC = YES;
				CLANG_ENABLE_OBJC_WEAK = YES;
				CLANG_WARN_BLOCK_CAPTURE_AUTORELEASING = YES;
				CLANG_WARN_BOOL_CONVERSION = YES;
				CLANG_WARN_COMMA = YES;
				CLANG_WARN_CONSTANT_CONVERSION = YES;
				CLANG_WARN_DEPRECATED_OBJC_IMPLEMENTATIONS = YES;
				CLANG_WARN_DIRECT_OBJC_ISA_USAGE = YES_ERROR;
				CLANG_WARN_DOCUMENTATION_COMMENTS = YES;
				CLANG_WARN_EMPTY_BODY = YES;
				CLANG_WARN_ENUM_CONVERSION = YES;
				CLANG_WARN_INFINITE_RECURSION = YES;
				CLANG_WARN_INT_CONVERSION = YES;
				CLANG_WARN_NON_LITERAL_NULL_CONVERSION = YES;
				CLANG_WARN_OBJC_IMPLICIT_RETAIN_SELF = YES;
				CLANG_WARN_OBJC_LITERAL_CONVERSION = YES;
				CLANG_WARN_OBJC_ROOT_CLASS = YES_ERROR;
				CLANG_WARN_QUOTED_INCLUDE_IN_FRAMEWORK_HEADER = YES;
				CLANG_WARN_RANGE_LOOP_ANALYSIS = YES;
				CLANG_WARN_STRICT_PROTOTYPES = YES;
				CLANG_WARN_SUSPICIOUS_MOVE = YES;
				CLANG_WARN_UNGUARDED_AVAILABILITY = YES_AGGRESSIVE;
				CLANG_WARN_UNREACHABLE_CODE = YES;
				CLANG_WARN__DUPLICATE_METHOD_MATCH = YES;
				COPY_PHASE_STRIP = NO;
				DEBUG_INFORMATION_FORMAT = dwarf;
				ENABLE_STRICT_OBJC_MSGSEND = YES;
				ENABLE_TESTABILITY = YES;
				GCC_C_LANGUAGE_STANDARD = gnu11;
				GCC_DYNAMIC_NO_PIC = NO;
				GCC_NO_COMMON_BLOCKS = YES;
				GCC_OPTIMIZATION_LEVEL = 0;
				GCC_PREPROCESSOR_DEFINITIONS = (
					"DEBUG=1",
					"$(inherited)",
				);
				GCC_WARN_64_TO_32_BIT_CONVERSION = YES;
				GCC_WARN_ABOUT_RETURN_TYPE = YES_ERROR;
				GCC_WARN_UNDECLARED_SELECTOR = YES;
				GCC_WARN_UNINITIALIZED_AUTOS = YES_AGGRESSIVE;
				GCC_WARN_UNUSED_FUNCTION = YES;
				GCC_WARN_UNUSED_VARIABLE = YES;
				IPHONEOS_DEPLOYMENT_TARGET = 14.5;
				MTL_ENABLE_DEBUG_INFO = INCLUDE_SOURCE;
				MTL_FAST_MATH = YES;
				ONLY_ACTIVE_ARCH = YES;
				SDKROOT = iphoneos;
				SWIFT_ACTIVE_COMPILATION_CONDITIONS = DEBUG;
				SWIFT_OPTIMIZATION_LEVEL = "-Onone";
			};
			name = Debug;
		};
		69BB7FCC279331A20078A52D /* Release */ = {
			isa = XCBuildConfiguration;
			buildSettings = {
				ALWAYS_SEARCH_USER_PATHS = NO;
				CLANG_ANALYZER_NONNULL = YES;
				CLANG_ANALYZER_NUMBER_OBJECT_CONVERSION = YES_AGGRESSIVE;
				CLANG_CXX_LANGUAGE_STANDARD = "gnu++14";
				CLANG_CXX_LIBRARY = "libc++";
				CLANG_ENABLE_MODULES = YES;
				CLANG_ENABLE_OBJC_ARC = YES;
				CLANG_ENABLE_OBJC_WEAK = YES;
				CLANG_WARN_BLOCK_CAPTURE_AUTORELEASING = YES;
				CLANG_WARN_BOOL_CONVERSION = YES;
				CLANG_WARN_COMMA = YES;
				CLANG_WARN_CONSTANT_CONVERSION = YES;
				CLANG_WARN_DEPRECATED_OBJC_IMPLEMENTATIONS = YES;
				CLANG_WARN_DIRECT_OBJC_ISA_USAGE = YES_ERROR;
				CLANG_WARN_DOCUMENTATION_COMMENTS = YES;
				CLANG_WARN_EMPTY_BODY = YES;
				CLANG_WARN_ENUM_CONVERSION = YES;
				CLANG_WARN_INFINITE_RECURSION = YES;
				CLANG_WARN_INT_CONVERSION = YES;
				CLANG_WARN_NON_LITERAL_NULL_CONVERSION = YES;
				CLANG_WARN_OBJC_IMPLICIT_RETAIN_SELF = YES;
				CLANG_WARN_OBJC_LITERAL_CONVERSION = YES;
				CLANG_WARN_OBJC_ROOT_CLASS = YES_ERROR;
				CLANG_WARN_QUOTED_INCLUDE_IN_FRAMEWORK_HEADER = YES;
				CLANG_WARN_RANGE_LOOP_ANALYSIS = YES;
				CLANG_WARN_STRICT_PROTOTYPES = YES;
				CLANG_WARN_SUSPICIOUS_MOVE = YES;
				CLANG_WARN_UNGUARDED_AVAILABILITY = YES_AGGRESSIVE;
				CLANG_WARN_UNREACHABLE_CODE = YES;
				CLANG_WARN__DUPLICATE_METHOD_MATCH = YES;
				COPY_PHASE_STRIP = NO;
				DEBUG_INFORMATION_FORMAT = "dwarf-with-dsym";
				ENABLE_NS_ASSERTIONS = NO;
				ENABLE_STRICT_OBJC_MSGSEND = YES;
				GCC_C_LANGUAGE_STANDARD = gnu11;
				GCC_NO_COMMON_BLOCKS = YES;
				GCC_WARN_64_TO_32_BIT_CONVERSION = YES;
				GCC_WARN_ABOUT_RETURN_TYPE = YES_ERROR;
				GCC_WARN_UNDECLARED_SELECTOR = YES;
				GCC_WARN_UNINITIALIZED_AUTOS = YES_AGGRESSIVE;
				GCC_WARN_UNUSED_FUNCTION = YES;
				GCC_WARN_UNUSED_VARIABLE = YES;
				IPHONEOS_DEPLOYMENT_TARGET = 14.5;
				MTL_ENABLE_DEBUG_INFO = NO;
				MTL_FAST_MATH = YES;
				SDKROOT = iphoneos;
				SWIFT_COMPILATION_MODE = wholemodule;
				SWIFT_OPTIMIZATION_LEVEL = "-O";
				VALIDATE_PRODUCT = YES;
			};
			name = Release;
		};
		69BB7FCE279331A20078A52D /* Debug */ = {
			isa = XCBuildConfiguration;
			baseConfigurationReference = 8094FEB37DDEA61859B32712 /* Pods-capacitacion_2.debug.xcconfig */;
			buildSettings = {
				ASSETCATALOG_COMPILER_APPICON_NAME = AppIcon;
				ASSETCATALOG_COMPILER_GLOBAL_ACCENT_COLOR_NAME = AccentColor;
				CODE_SIGN_STYLE = Automatic;
				INFOPLIST_FILE = capacitacion_2/Info.plist;
				LD_RUNPATH_SEARCH_PATHS = (
					"$(inherited)",
					"@executable_path/Frameworks",
				);
				PRODUCT_BUNDLE_IDENTIFIER = "com.calzzapato.capacitacion-2";
				PRODUCT_NAME = "$(TARGET_NAME)";
				SWIFT_VERSION = 5.0;
				TARGETED_DEVICE_FAMILY = "1,2";
			};
			name = Debug;
		};
		69BB7FCF279331A20078A52D /* Release */ = {
			isa = XCBuildConfiguration;
			baseConfigurationReference = 281CEF9C6EA7350E8D0AFF02 /* Pods-capacitacion_2.release.xcconfig */;
			buildSettings = {
				ASSETCATALOG_COMPILER_APPICON_NAME = AppIcon;
				ASSETCATALOG_COMPILER_GLOBAL_ACCENT_COLOR_NAME = AccentColor;
				CODE_SIGN_STYLE = Automatic;
				INFOPLIST_FILE = capacitacion_2/Info.plist;
				LD_RUNPATH_SEARCH_PATHS = (
					"$(inherited)",
					"@executable_path/Frameworks",
				);
				PRODUCT_BUNDLE_IDENTIFIER = "com.calzzapato.capacitacion-2";
				PRODUCT_NAME = "$(TARGET_NAME)";
				SWIFT_VERSION = 5.0;
				TARGETED_DEVICE_FAMILY = "1,2";
			};
			name = Release;
		};
/* End XCBuildConfiguration section */

/* Begin XCConfigurationList section */
		69BB7FB4279331A10078A52D /* Build configuration list for PBXProject "capacitacion_2" */ = {
			isa = XCConfigurationList;
			buildConfigurations = (
				69BB7FCB279331A20078A52D /* Debug */,
				69BB7FCC279331A20078A52D /* Release */,
			);
			defaultConfigurationIsVisible = 0;
			defaultConfigurationName = Release;
		};
		69BB7FCD279331A20078A52D /* Build configuration list for PBXNativeTarget "capacitacion_2" */ = {
			isa = XCConfigurationList;
			buildConfigurations = (
				69BB7FCE279331A20078A52D /* Debug */,
				69BB7FCF279331A20078A52D /* Release */,
			);
			defaultConfigurationIsVisible = 0;
			defaultConfigurationName = Release;
		};
/* End XCConfigurationList section */
	};
	rootObject = 69BB7FB1279331A10078A52D /* Project object */;
}
