// !$*UTF8*$!
{
	archiveVersion = 1;
	classes = {
	};
	objectVersion = 51;
	objects = {

/* Begin PBXBuildFile section */
		2ED1C525C1FF3097DA459030 /* Pods_capacitacion_2.framework in Frameworks */ = {isa = PBXBuildFile; fileRef = 40D6D06F3B87137E7E92B9D1 /* Pods_capacitacion_2.framework */; };
		6914DF6F27A4B6FB00CCED70 /* URLSessionViewController.swift in Sources */ = {isa = PBXBuildFile; fileRef = 6914DF6E27A4B6FB00CCED70 /* URLSessionViewController.swift */; };
		6914DF7127A4BE6400CCED70 /* NetWorkingManager.swift in Sources */ = {isa = PBXBuildFile; fileRef = 6914DF7027A4BE6400CCED70 /* NetWorkingManager.swift */; };
		6914DF7327A4BE9600CCED70 /* Response.swift in Sources */ = {isa = PBXBuildFile; fileRef = 6914DF7227A4BE9600CCED70 /* Response.swift */; };
		694B545A279C751C00CF5ABF /* ShoppingCart.storyboard in Resources */ = {isa = PBXBuildFile; fileRef = 694B5459279C751C00CF5ABF /* ShoppingCart.storyboard */; };
		694B545C279C753C00CF5ABF /* ShoppingCartViewController.swift in Sources */ = {isa = PBXBuildFile; fileRef = 694B545B279C753C00CF5ABF /* ShoppingCartViewController.swift */; };
		694B5460279C7BE200CF5ABF /* UIView+App.swift in Sources */ = {isa = PBXBuildFile; fileRef = 694B545F279C7BE200CF5ABF /* UIView+App.swift */; };
		694B5463279C8EAA00CF5ABF /* ShoppingCartCell.swift in Sources */ = {isa = PBXBuildFile; fileRef = 694B5462279C8EAA00CF5ABF /* ShoppingCartCell.swift */; };
		694B5465279C90BB00CF5ABF /* ShoppingCartModel.swift in Sources */ = {isa = PBXBuildFile; fileRef = 694B5464279C90BB00CF5ABF /* ShoppingCartModel.swift */; };
		694B5467279C962F00CF5ABF /* UITableViewCell+App.swift in Sources */ = {isa = PBXBuildFile; fileRef = 694B5466279C962F00CF5ABF /* UITableViewCell+App.swift */; };
		694B546B279C9D1B00CF5ABF /* CollectionViewController.swift in Sources */ = {isa = PBXBuildFile; fileRef = 694B546A279C9D1B00CF5ABF /* CollectionViewController.swift */; };
		694B546D279C9D4400CF5ABF /* CollectionView.storyboard in Resources */ = {isa = PBXBuildFile; fileRef = 694B546C279C9D4400CF5ABF /* CollectionView.storyboard */; };
		694B5470279C9EC600CF5ABF /* CollectionViewCell.swift in Sources */ = {isa = PBXBuildFile; fileRef = 694B546F279C9EC600CF5ABF /* CollectionViewCell.swift */; };
		69556410279C6A77004455F6 /* AnimalViewController.swift in Sources */ = {isa = PBXBuildFile; fileRef = 6955640F279C6A77004455F6 /* AnimalViewController.swift */; };
		69BB7FBD279331A10078A52D /* AppDelegate.swift in Sources */ = {isa = PBXBuildFile; fileRef = 69BB7FBC279331A10078A52D /* AppDelegate.swift */; };
		69BB7FBF279331A10078A52D /* SceneDelegate.swift in Sources */ = {isa = PBXBuildFile; fileRef = 69BB7FBE279331A10078A52D /* SceneDelegate.swift */; };
		69BB7FC1279331A10078A52D /* HomeViewController.swift in Sources */ = {isa = PBXBuildFile; fileRef = 69BB7FC0279331A10078A52D /* HomeViewController.swift */; };
		69BB7FC6279331A20078A52D /* Assets.xcassets in Resources */ = {isa = PBXBuildFile; fileRef = 69BB7FC5279331A20078A52D /* Assets.xcassets */; };
		69BB7FC9279331A20078A52D /* LaunchScreen.storyboard in Resources */ = {isa = PBXBuildFile; fileRef = 69BB7FC7279331A20078A52D /* LaunchScreen.storyboard */; };
		69BB7FD12793325D0078A52D /* TabBarController.swift in Sources */ = {isa = PBXBuildFile; fileRef = 69BB7FD02793325D0078A52D /* TabBarController.swift */; };
		69BB7FD3279332AF0078A52D /* Home.storyboard in Resources */ = {isa = PBXBuildFile; fileRef = 69BB7FD2279332AF0078A52D /* Home.storyboard */; };
		69BB7FD727933D4B0078A52D /* UIViewController+App.swift in Sources */ = {isa = PBXBuildFile; fileRef = 69BB7FD627933D4B0078A52D /* UIViewController+App.swift */; };
		69EC07D927A5B5DA00455269 /* TextField.storyboard in Resources */ = {isa = PBXBuildFile; fileRef = 69EC07D827A5B5DA00455269 /* TextField.storyboard */; };
		69EC07DB27A5B5E800455269 /* TextFieldViewController.swift in Sources */ = {isa = PBXBuildFile; fileRef = 69EC07DA27A5B5E800455269 /* TextFieldViewController.swift */; };
/* End PBXBuildFile section */

/* Begin PBXFileReference section */
		281CEF9C6EA7350E8D0AFF02 /* Pods-capacitacion_2.release.xcconfig */ = {isa = PBXFileReference; includeInIndex = 1; lastKnownFileType = text.xcconfig; name = "Pods-capacitacion_2.release.xcconfig"; path = "Target Support Files/Pods-capacitacion_2/Pods-capacitacion_2.release.xcconfig"; sourceTree = "<group>"; };
		40D6D06F3B87137E7E92B9D1 /* Pods_capacitacion_2.framework */ = {isa = PBXFileReference; explicitFileType = wrapper.framework; includeInIndex = 0; path = Pods_capacitacion_2.framework; sourceTree = BUILT_PRODUCTS_DIR; };
		6914DF6E27A4B6FB00CCED70 /* URLSessionViewController.swift */ = {isa = PBXFileReference; lastKnownFileType = sourcecode.swift; path = URLSessionViewController.swift; sourceTree = "<group>"; };
		6914DF7027A4BE6400CCED70 /* NetWorkingManager.swift */ = {isa = PBXFileReference; lastKnownFileType = sourcecode.swift; path = NetWorkingManager.swift; sourceTree = "<group>"; };
		6914DF7227A4BE9600CCED70 /* Response.swift */ = {isa = PBXFileReference; lastKnownFileType = sourcecode.swift; path = Response.swift; sourceTree = "<group>"; };
		694B5459279C751C00CF5ABF /* ShoppingCart.storyboard */ = {isa = PBXFileReference; lastKnownFileType = file.storyboard; path = ShoppingCart.storyboard; sourceTree = "<group>"; };
		694B545B279C753C00CF5ABF /* ShoppingCartViewController.swift */ = {isa = PBXFileReference; lastKnownFileType = sourcecode.swift; path = ShoppingCartViewController.swift; sourceTree = "<group>"; };
		694B545F279C7BE200CF5ABF /* UIView+App.swift */ = {isa = PBXFileReference; lastKnownFileType = sourcecode.swift; path = "UIView+App.swift"; sourceTree = "<group>"; };
		694B5462279C8EAA00CF5ABF /* ShoppingCartCell.swift */ = {isa = PBXFileReference; lastKnownFileType = sourcecode.swift; path = ShoppingCartCell.swift; sourceTree = "<group>"; };
		694B5464279C90BB00CF5ABF /* ShoppingCartModel.swift */ = {isa = PBXFileReference; lastKnownFileType = sourcecode.swift; path = ShoppingCartModel.swift; sourceTree = "<group>"; };
		694B5466279C962F00CF5ABF /* UITableViewCell+App.swift */ = {isa = PBXFileReference; lastKnownFileType = sourcecode.swift; path = "UITableViewCell+App.swift"; sourceTree = "<group>"; };
		694B546A279C9D1B00CF5ABF /* CollectionViewController.swift */ = {isa = PBXFileReference; lastKnownFileType = sourcecode.swift; path = CollectionViewController.swift; sourceTree = "<group>"; };
		694B546C279C9D4400CF5ABF /* CollectionView.storyboard */ = {isa = PBXFileReference; lastKnownFileType = file.storyboard; path = CollectionView.storyboard; sourceTree = "<group>"; };
		694B546F279C9EC600CF5ABF /* CollectionViewCell.swift */ = {isa = PBXFileReference; lastKnownFileType = sourcecode.swift; path = CollectionViewCell.swift; sourceTree = "<group>"; };
		6955640F279C6A77004455F6 /* AnimalViewController.swift */ = {isa = PBXFileReference; lastKnownFileType = sourcecode.swift; path = AnimalViewController.swift; sourceTree = "<group>"; };
		69BB7FB9279331A10078A52D /* capacitacion_2.app */ = {isa = PBXFileReference; explicitFileType = wrapper.application; includeInIndex = 0; path = capacitacion_2.app; sourceTree = BUILT_PRODUCTS_DIR; };
		69BB7FBC279331A10078A52D /* AppDelegate.swift */ = {isa = PBXFileReference; lastKnownFileType = sourcecode.swift; path = AppDelegate.swift; sourceTree = "<group>"; };
		69BB7FBE279331A10078A52D /* SceneDelegate.swift */ = {isa = PBXFileReference; lastKnownFileType = sourcecode.swift; path = SceneDelegate.swift; sourceTree = "<group>"; };
		69BB7FC0279331A10078A52D /* HomeViewController.swift */ = {isa = PBXFileReference; lastKnownFileType = sourcecode.swift; path = HomeViewController.swift; sourceTree = "<group>"; };
		69BB7FC5279331A20078A52D /* Assets.xcassets */ = {isa = PBXFileReference; lastKnownFileType = folder.assetcatalog; path = Assets.xcassets; sourceTree = "<group>"; };
		69BB7FC8279331A20078A52D /* Base */ = {isa = PBXFileReference; lastKnownFileType = file.storyboard; name = Base; path = Base.lproj/LaunchScreen.storyboard; sourceTree = "<group>"; };
		69BB7FCA279331A20078A52D /* Info.plist */ = {isa = PBXFileReference; lastKnownFileType = text.plist.xml; path = Info.plist; sourceTree = "<group>"; };
		69BB7FD02793325D0078A52D /* TabBarController.swift */ = {isa = PBXFileReference; lastKnownFileType = sourcecode.swift; path = TabBarController.swift; sourceTree = "<group>"; };
		69BB7FD2279332AF0078A52D /* Home.storyboard */ = {isa = PBXFileReference; lastKnownFileType = file.storyboard; path = Home.storyboard; sourceTree = "<group>"; };
		69BB7FD627933D4B0078A52D /* UIViewController+App.swift */ = {isa = PBXFileReference; lastKnownFileType = sourcecode.swift; path = "UIViewController+App.swift"; sourceTree = "<group>"; };
		69EC07D827A5B5DA00455269 /* TextField.storyboard */ = {isa = PBXFileReference; lastKnownFileType = file.storyboard; path = TextField.storyboard; sourceTree = "<group>"; };
		69EC07DA27A5B5E800455269 /* TextFieldViewController.swift */ = {isa = PBXFileReference; lastKnownFileType = sourcecode.swift; path = TextFieldViewController.swift; sourceTree = "<group>"; };
		8094FEB37DDEA61859B32712 /* Pods-capacitacion_2.debug.xcconfig */ = {isa = PBXFileReference; includeInIndex = 1; lastKnownFileType = text.xcconfig; name = "Pods-capacitacion_2.debug.xcconfig"; path = "Target Support Files/Pods-capacitacion_2/Pods-capacitacion_2.debug.xcconfig"; sourceTree = "<group>"; };
/* End PBXFileReference section */

/* Begin PBXFrameworksBuildPhase section */
		69BB7FB6279331A10078A52D /* Frameworks */ = {
			isa = PBXFrameworksBuildPhase;
			buildActionMask = 2147483647;
			files = (
				2ED1C525C1FF3097DA459030 /* Pods_capacitacion_2.framework in Frameworks */,
			);
			runOnlyForDeploymentPostprocessing = 0;
		};
/* End PBXFrameworksBuildPhase section */

/* Begin PBXGroup section */
		6914DF6D27A4B6B500CCED70 /* URLSession */ = {
			isa = PBXGroup;
			children = (
				6914DF6E27A4B6FB00CCED70 /* URLSessionViewController.swift */,
				6914DF7027A4BE6400CCED70 /* NetWorkingManager.swift */,
				6914DF7227A4BE9600CCED70 /* Response.swift */,
			);
			path = URLSession;
			sourceTree = "<group>";
		};
		694B5458279C74EC00CF5ABF /* ShoppingCart */ = {
			isa = PBXGroup;
			children = (
				694B5461279C8E9500CF5ABF /* Cell */,
				694B5459279C751C00CF5ABF /* ShoppingCart.storyboard */,
				694B545B279C753C00CF5ABF /* ShoppingCartViewController.swift */,
				694B5464279C90BB00CF5ABF /* ShoppingCartModel.swift */,
			);
			path = ShoppingCart;
			sourceTree = "<group>";
		};
		694B5461279C8E9500CF5ABF /* Cell */ = {
			isa = PBXGroup;
			children = (
				694B5462279C8EAA00CF5ABF /* ShoppingCartCell.swift */,
			);
			path = Cell;
			sourceTree = "<group>";
		};
		694B5469279C9D0200CF5ABF /* CollectionView */ = {
			isa = PBXGroup;
			children = (
				694B546E279C9EB200CF5ABF /* Cell */,
				694B546A279C9D1B00CF5ABF /* CollectionViewController.swift */,
				694B546C279C9D4400CF5ABF /* CollectionView.storyboard */,
			);
			path = CollectionView;
			sourceTree = "<group>";
		};
		694B546E279C9EB200CF5ABF /* Cell */ = {
			isa = PBXGroup;
			children = (
				694B546F279C9EC600CF5ABF /* CollectionViewCell.swift */,
			);
			path = Cell;
			sourceTree = "<group>";
		};
		69BB7FB0279331A10078A52D = {
			isa = PBXGroup;
			children = (
				69BB7FBB279331A10078A52D /* capacitacion_2 */,
				69BB7FBA279331A10078A52D /* Products */,
				FB9AF5C43897B95F703B4E55 /* Pods */,
				AB08D0CCC24CFB7E54ED9785 /* Frameworks */,
			);
			sourceTree = "<group>";
		};
		69BB7FBA279331A10078A52D /* Products */ = {
			isa = PBXGroup;
			children = (
				69BB7FB9279331A10078A52D /* capacitacion_2.app */,
			);
			name = Products;
			sourceTree = "<group>";
		};
		69BB7FBB279331A10078A52D /* capacitacion_2 */ = {
			isa = PBXGroup;
			children = (
				69EC07D727A5B5C900455269 /* TextField */,
				6914DF6D27A4B6B500CCED70 /* URLSession */,
				694B5469279C9D0200CF5ABF /* CollectionView */,
				694B5458279C74EC00CF5ABF /* ShoppingCart */,
				69BB7FD827933D500078A52D /* Extension */,
				69BB7FBC279331A10078A52D /* AppDelegate.swift */,
				69BB7FBE279331A10078A52D /* SceneDelegate.swift */,
				69BB7FC0279331A10078A52D /* HomeViewController.swift */,
				69BB7FD2279332AF0078A52D /* Home.storyboard */,
				69BB7FC5279331A20078A52D /* Assets.xcassets */,
				69BB7FC7279331A20078A52D /* LaunchScreen.storyboard */,
				69BB7FCA279331A20078A52D /* Info.plist */,
				69BB7FD02793325D0078A52D /* TabBarController.swift */,
				6955640F279C6A77004455F6 /* AnimalViewController.swift */,
			);
			path = capacitacion_2;
			sourceTree = "<group>";
		};
		69BB7FD827933D500078A52D /* Extension */ = {
			isa = PBXGroup;
			children = (
				69BB7FD627933D4B0078A52D /* UIViewController+App.swift */,
				694B545F279C7BE200CF5ABF /* UIView+App.swift */,
				694B5466279C962F00CF5ABF /* UITableViewCell+App.swift */,
			);
			path = Extension;
			sourceTree = "<group>";
		};
		69EC07D727A5B5C900455269 /* TextField */ = {
			isa = PBXGroup;
			children = (
				69EC07D827A5B5DA00455269 /* TextField.storyboard */,
				69EC07DA27A5B5E800455269 /* TextFieldViewController.swift */,
			);
			path = TextField;
			sourceTree = "<group>";
		};
		AB08D0CCC24CFB7E54ED9785 /* Frameworks */ = {
			isa = PBXGroup;
			children = (
				40D6D06F3B87137E7E92B9D1 /* Pods_capacitacion_2.framework */,
			);
			name = Frameworks;
			sourceTree = "<group>";
		};
		FB9AF5C43897B95F703B4E55 /* Pods */ = {
			isa = PBXGroup;
			children = (
				8094FEB37DDEA61859B32712 /* Pods-capacitacion_2.debug.xcconfig */,
				281CEF9C6EA7350E8D0AFF02 /* Pods-capacitacion_2.release.xcconfig */,
			);
			path = Pods;
			sourceTree = "<group>";
		};
/* End PBXGroup section */

/* Begin PBXNativeTarget section */
		69BB7FB8279331A10078A52D /* capacitacion_2 */ = {
			isa = PBXNativeTarget;
			buildConfigurationList = 69BB7FCD279331A20078A52D /* Build configuration list for PBXNativeTarget "capacitacion_2" */;
			buildPhases = (
				800C3C6600897E739600C280 /* [CP] Check Pods Manifest.lock */,
				69BB7FB5279331A10078A52D /* Sources */,
				69BB7FB6279331A10078A52D /* Frameworks */,
				69BB7FB7279331A10078A52D /* Resources */,
				64A10413F792DF2DE2883E39 /* [CP] Embed Pods Frameworks */,
			);
			buildRules = (
			);
			dependencies = (
			);
			name = capacitacion_2;
			productName = capacitacion_2;
			productReference = 69BB7FB9279331A10078A52D /* capacitacion_2.app */;
			productType = "com.apple.product-type.application";
		};
/* End PBXNativeTarget section */

/* Begin PBXProject section */
		69BB7FB1279331A10078A52D /* Project object */ = {
			isa = PBXProject;
			attributes = {
				LastSwiftUpdateCheck = 1250;
				LastUpgradeCheck = 1250;
				TargetAttributes = {
					69BB7FB8279331A10078A52D = {
						CreatedOnToolsVersion = 12.5.1;
					};
				};
			};
			buildConfigurationList = 69BB7FB4279331A10078A52D /* Build configuration list for PBXProject "capacitacion_2" */;
			compatibilityVersion = "Xcode 9.3";
			developmentRegion = en;
			hasScannedForEncodings = 0;
			knownRegions = (
				en,
				Base,
			);
			mainGroup = 69BB7FB0279331A10078A52D;
			productRefGroup = 69BB7FBA279331A10078A52D /* Products */;
			projectDirPath = "";
			projectRoot = "";
			targets = (
				69BB7FB8279331A10078A52D /* capacitacion_2 */,
			);
		};
/* End PBXProject section */

/* Begin PBXResourcesBuildPhase section */
		69BB7FB7279331A10078A52D /* Resources */ = {
			isa = PBXResourcesBuildPhase;
			buildActionMask = 2147483647;
			files = (
				694B545A279C751C00CF5ABF /* ShoppingCart.storyboard in Resources */,
				69BB7FD3279332AF0078A52D /* Home.storyboard in Resources */,
				69EC07D927A5B5DA00455269 /* TextField.storyboard in Resources */,
				694B546D279C9D4400CF5ABF /* CollectionView.storyboard in Resources */,
				69BB7FC9279331A20078A52D /* LaunchScreen.storyboard in Resources */,
				69BB7FC6279331A20078A52D /* Assets.xcassets in Resources */,
			);
			runOnlyForDeploymentPostprocessing = 0;
		};
/* End PBXResourcesBuildPhase section */

/* Begin PBXShellScriptBuildPhase section */
		64A10413F792DF2DE2883E39 /* [CP] Embed Pods Frameworks */ = {
			isa = PBXShellScriptBuildPhase;
			buildActionMask = 2147483647;
			files = (
			);
			inputFileListPaths = (
				"${PODS_ROOT}/Target Support Files/Pods-capacitacion_2/Pods-capacitacion_2-frameworks-${CONFIGURATION}-input-files.xcfilelist",
			);
			name = "[CP] Embed Pods Frameworks";
			outputFileListPaths = (
				"${PODS_ROOT}/Target Support Files/Pods-capacitacion_2/Pods-capacitacion_2-frameworks-${CONFIGURATION}-output-files.xcfilelist",
			);
			runOnlyForDeploymentPostprocessing = 0;
			shellPath = /bin/sh;
			shellScript = "\"${PODS_ROOT}/Target Support Files/Pods-capacitacion_2/Pods-capacitacion_2-frameworks.sh\"\n";
			showEnvVarsInLog = 0;
		};
		800C3C6600897E739600C280 /* [CP] Check Pods Manifest.lock */ = {
			isa = PBXShellScriptBuildPhase;
			buildActionMask = 2147483647;
			files = (
			);
			inputFileListPaths = (
			);
			inputPaths = (
				"${PODS_PODFILE_DIR_PATH}/Podfile.lock",
				"${PODS_ROOT}/Manifest.lock",
			);
			name = "[CP] Check Pods Manifest.lock";
			outputFileListPaths = (
			);
			outputPaths = (
				"$(DERIVED_FILE_DIR)/Pods-capacitacion_2-checkManifestLockResult.txt",
			);
			runOnlyForDeploymentPostprocessing = 0;
			shellPath = /bin/sh;
			shellScript = "diff \"${PODS_PODFILE_DIR_PATH}/Podfile.lock\" \"${PODS_ROOT}/Manifest.lock\" > /dev/null\nif [ $? != 0 ] ; then\n    # print error to STDERR\n    echo \"error: The sandbox is not in sync with the Podfile.lock. Run 'pod install' or update your CocoaPods installation.\" >&2\n    exit 1\nfi\n# This output is used by Xcode 'outputs' to avoid re-running this script phase.\necho \"SUCCESS\" > \"${SCRIPT_OUTPUT_FILE_0}\"\n";
			showEnvVarsInLog = 0;
		};
/* End PBXShellScriptBuildPhase section */

/* Begin PBXSourcesBuildPhase section */
		69BB7FB5279331A10078A52D /* Sources */ = {
			isa = PBXSourcesBuildPhase;
			buildActionMask = 2147483647;
			files = (
				694B546B279C9D1B00CF5ABF /* CollectionViewController.swift in Sources */,
				694B5460279C7BE200CF5ABF /* UIView+App.swift in Sources */,
				694B5463279C8EAA00CF5ABF /* ShoppingCartCell.swift in Sources */,
				69BB7FC1279331A10078A52D /* HomeViewController.swift in Sources */,
				694B545C279C753C00CF5ABF /* ShoppingCartViewController.swift in Sources */,
				6914DF6F27A4B6FB00CCED70 /* URLSessionViewController.swift in Sources */,
				69BB7FD12793325D0078A52D /* TabBarController.swift in Sources */,
				694B5465279C90BB00CF5ABF /* ShoppingCartModel.swift in Sources */,
				6914DF7327A4BE9600CCED70 /* Response.swift in Sources */,
				69BB7FD727933D4B0078A52D /* UIViewController+App.swift in Sources */,
				694B5470279C9EC600CF5ABF /* CollectionViewCell.swift in Sources */,
				69BB7FBD279331A10078A52D /* AppDelegate.swift in Sources */,
				69556410279C6A77004455F6 /* AnimalViewController.swift in Sources */,
				694B5467279C962F00CF5ABF /* UITableViewCell+App.swift in Sources */,
				6914DF7127A4BE6400CCED70 /* NetWorkingManager.swift in Sources */,
				69EC07DB27A5B5E800455269 /* TextFieldViewController.swift in Sources */,
				69BB7FBF279331A10078A52D /* SceneDelegate.swift in Sources */,
			);
			runOnlyForDeploymentPostprocessing = 0;
		};
/* End PBXSourcesBuildPhase section */

/* Begin PBXVariantGroup section */
		69BB7FC7279331A20078A52D /* LaunchScreen.storyboard */ = {
			isa = PBXVariantGroup;
			children = (
				69BB7FC8279331A20078A52D /* Base */,
			);
			name = LaunchScreen.storyboard;
			sourceTree = "<group>";
		};
/* End PBXVariantGroup section */

/* Begin XCBuildConfiguration section */
		69BB7FCB279331A20078A52D /* Debug */ = {
			isa = XCBuildConfiguration;
			buildSettings = {
				ALWAYS_SEARCH_USER_PATHS = NO;
				CLANG_ANALYZER_NONNULL = YES;
				CLANG_ANALYZER_NUMBER_OBJECT_CONVERSION = YES_AGGRESSIVE;
				CLANG_CXX_LANGUAGE_STANDARD = "gnu++14";
				CLANG_CXX_LIBRARY = "libc++";
				CLANG_ENABLE_MODULES = YES;
				CLANG_ENABLE_OBJC_ARC = YES;
				CLANG_ENABLE_OBJC_WEAK = YES;
				CLANG_WARN_BLOCK_CAPTURE_AUTORELEASING = YES;
				CLANG_WARN_BOOL_CONVERSION = YES;
				CLANG_WARN_COMMA = YES;
				CLANG_WARN_CONSTANT_CONVERSION = YES;
				CLANG_WARN_DEPRECATED_OBJC_IMPLEMENTATIONS = YES;
				CLANG_WARN_DIRECT_OBJC_ISA_USAGE = YES_ERROR;
				CLANG_WARN_DOCUMENTATION_COMMENTS = YES;
				CLANG_WARN_EMPTY_BODY = YES;
				CLANG_WARN_ENUM_CONVERSION = YES;
				CLANG_WARN_INFINITE_RECURSION = YES;
				CLANG_WARN_INT_CONVERSION = YES;
				CLANG_WARN_NON_LITERAL_NULL_CONVERSION = YES;
				CLANG_WARN_OBJC_IMPLICIT_RETAIN_SELF = YES;
				CLANG_WARN_OBJC_LITERAL_CONVERSION = YES;
				CLANG_WARN_OBJC_ROOT_CLASS = YES_ERROR;
				CLANG_WARN_QUOTED_INCLUDE_IN_FRAMEWORK_HEADER = YES;
				CLANG_WARN_RANGE_LOOP_ANALYSIS = YES;
				CLANG_WARN_STRICT_PROTOTYPES = YES;
				CLANG_WARN_SUSPICIOUS_MOVE = YES;
				CLANG_WARN_UNGUARDED_AVAILABILITY = YES_AGGRESSIVE;
				CLANG_WARN_UNREACHABLE_CODE = YES;
				CLANG_WARN__DUPLICATE_METHOD_MATCH = YES;
				COPY_PHASE_STRIP = NO;
				DEBUG_INFORMATION_FORMAT = dwarf;
				ENABLE_STRICT_OBJC_MSGSEND = YES;
				ENABLE_TESTABILITY = YES;
				GCC_C_LANGUAGE_STANDARD = gnu11;
				GCC_DYNAMIC_NO_PIC = NO;
				GCC_NO_COMMON_BLOCKS = YES;
				GCC_OPTIMIZATION_LEVEL = 0;
				GCC_PREPROCESSOR_DEFINITIONS = (
					"DEBUG=1",
					"$(inherited)",
				);
				GCC_WARN_64_TO_32_BIT_CONVERSION = YES;
				GCC_WARN_ABOUT_RETURN_TYPE = YES_ERROR;
				GCC_WARN_UNDECLARED_SELECTOR = YES;
				GCC_WARN_UNINITIALIZED_AUTOS = YES_AGGRESSIVE;
				GCC_WARN_UNUSED_FUNCTION = YES;
				GCC_WARN_UNUSED_VARIABLE = YES;
				IPHONEOS_DEPLOYMENT_TARGET = 14.5;
				MTL_ENABLE_DEBUG_INFO = INCLUDE_SOURCE;
				MTL_FAST_MATH = YES;
				ONLY_ACTIVE_ARCH = YES;
				SDKROOT = iphoneos;
				SWIFT_ACTIVE_COMPILATION_CONDITIONS = DEBUG;
				SWIFT_OPTIMIZATION_LEVEL = "-Onone";
			};
			name = Debug;
		};
		69BB7FCC279331A20078A52D /* Release */ = {
			isa = XCBuildConfiguration;
			buildSettings = {
				ALWAYS_SEARCH_USER_PATHS = NO;
				CLANG_ANALYZER_NONNULL = YES;
				CLANG_ANALYZER_NUMBER_OBJECT_CONVERSION = YES_AGGRESSIVE;
				CLANG_CXX_LANGUAGE_STANDARD = "gnu++14";
				CLANG_CXX_LIBRARY = "libc++";
				CLANG_ENABLE_MODULES = YES;
				CLANG_ENABLE_OBJC_ARC = YES;
				CLANG_ENABLE_OBJC_WEAK = YES;
				CLANG_WARN_BLOCK_CAPTURE_AUTORELEASING = YES;
				CLANG_WARN_BOOL_CONVERSION = YES;
				CLANG_WARN_COMMA = YES;
				CLANG_WARN_CONSTANT_CONVERSION = YES;
				CLANG_WARN_DEPRECATED_OBJC_IMPLEMENTATIONS = YES;
				CLANG_WARN_DIRECT_OBJC_ISA_USAGE = YES_ERROR;
				CLANG_WARN_DOCUMENTATION_COMMENTS = YES;
				CLANG_WARN_EMPTY_BODY = YES;
				CLANG_WARN_ENUM_CONVERSION = YES;
				CLANG_WARN_INFINITE_RECURSION = YES;
				CLANG_WARN_INT_CONVERSION = YES;
				CLANG_WARN_NON_LITERAL_NULL_CONVERSION = YES;
				CLANG_WARN_OBJC_IMPLICIT_RETAIN_SELF = YES;
				CLANG_WARN_OBJC_LITERAL_CONVERSION = YES;
				CLANG_WARN_OBJC_ROOT_CLASS = YES_ERROR;
				CLANG_WARN_QUOTED_INCLUDE_IN_FRAMEWORK_HEADER = YES;
				CLANG_WARN_RANGE_LOOP_ANALYSIS = YES;
				CLANG_WARN_STRICT_PROTOTYPES = YES;
				CLANG_WARN_SUSPICIOUS_MOVE = YES;
				CLANG_WARN_UNGUARDED_AVAILABILITY = YES_AGGRESSIVE;
				CLANG_WARN_UNREACHABLE_CODE = YES;
				CLANG_WARN__DUPLICATE_METHOD_MATCH = YES;
				COPY_PHASE_STRIP = NO;
				DEBUG_INFORMATION_FORMAT = "dwarf-with-dsym";
				ENABLE_NS_ASSERTIONS = NO;
				ENABLE_STRICT_OBJC_MSGSEND = YES;
				GCC_C_LANGUAGE_STANDARD = gnu11;
				GCC_NO_COMMON_BLOCKS = YES;
				GCC_WARN_64_TO_32_BIT_CONVERSION = YES;
				GCC_WARN_ABOUT_RETURN_TYPE = YES_ERROR;
				GCC_WARN_UNDECLARED_SELECTOR = YES;
				GCC_WARN_UNINITIALIZED_AUTOS = YES_AGGRESSIVE;
				GCC_WARN_UNUSED_FUNCTION = YES;
				GCC_WARN_UNUSED_VARIABLE = YES;
				IPHONEOS_DEPLOYMENT_TARGET = 14.5;
				MTL_ENABLE_DEBUG_INFO = NO;
				MTL_FAST_MATH = YES;
				SDKROOT = iphoneos;
				SWIFT_COMPILATION_MODE = wholemodule;
				SWIFT_OPTIMIZATION_LEVEL = "-O";
				VALIDATE_PRODUCT = YES;
			};
			name = Release;
		};
		69BB7FCE279331A20078A52D /* Debug */ = {
			isa = XCBuildConfiguration;
			baseConfigurationReference = 8094FEB37DDEA61859B32712 /* Pods-capacitacion_2.debug.xcconfig */;
			buildSettings = {
				ASSETCATALOG_COMPILER_APPICON_NAME = AppIcon;
				ASSETCATALOG_COMPILER_GLOBAL_ACCENT_COLOR_NAME = AccentColor;
				CODE_SIGN_STYLE = Automatic;
				INFOPLIST_FILE = capacitacion_2/Info.plist;
				LD_RUNPATH_SEARCH_PATHS = (
					"$(inherited)",
					"@executable_path/Frameworks",
				);
				PRODUCT_BUNDLE_IDENTIFIER = "com.calzzapato.capacitacion-2";
				PRODUCT_NAME = "$(TARGET_NAME)";
				SWIFT_VERSION = 5.0;
				TARGETED_DEVICE_FAMILY = "1,2";
			};
			name = Debug;
		};
		69BB7FCF279331A20078A52D /* Release */ = {
			isa = XCBuildConfiguration;
			baseConfigurationReference = 281CEF9C6EA7350E8D0AFF02 /* Pods-capacitacion_2.release.xcconfig */;
			buildSettings = {
				ASSETCATALOG_COMPILER_APPICON_NAME = AppIcon;
				ASSETCATALOG_COMPILER_GLOBAL_ACCENT_COLOR_NAME = AccentColor;
				CODE_SIGN_STYLE = Automatic;
				INFOPLIST_FILE = capacitacion_2/Info.plist;
				LD_RUNPATH_SEARCH_PATHS = (
					"$(inherited)",
					"@executable_path/Frameworks",
				);
				PRODUCT_BUNDLE_IDENTIFIER = "com.calzzapato.capacitacion-2";
				PRODUCT_NAME = "$(TARGET_NAME)";
				SWIFT_VERSION = 5.0;
				TARGETED_DEVICE_FAMILY = "1,2";
			};
			name = Release;
		};
/* End XCBuildConfiguration section */

/* Begin XCConfigurationList section */
		69BB7FB4279331A10078A52D /* Build configuration list for PBXProject "capacitacion_2" */ = {
			isa = XCConfigurationList;
			buildConfigurations = (
				69BB7FCB279331A20078A52D /* Debug */,
				69BB7FCC279331A20078A52D /* Release */,
			);
			defaultConfigurationIsVisible = 0;
			defaultConfigurationName = Release;
		};
		69BB7FCD279331A20078A52D /* Build configuration list for PBXNativeTarget "capacitacion_2" */ = {
			isa = XCConfigurationList;
			buildConfigurations = (
				69BB7FCE279331A20078A52D /* Debug */,
				69BB7FCF279331A20078A52D /* Release */,
			);
			defaultConfigurationIsVisible = 0;
			defaultConfigurationName = Release;
		};
/* End XCConfigurationList section */
	};
	rootObject = 69BB7FB1279331A10078A52D /* Project object */;
}
